
Microsoft Visual Studio Solution File, Format Version 12.00
# Visual Studio Version 16
VisualStudioVersion = 16.0.31605.320
MinimumVisualStudioVersion = 10.0.40219.1
Project("{FAE04EC0-301F-11D3-BF4B-00C04F79EFBC}") = "FbExternalEmbedded", "FbExternalEmbedded\FbExternalEmbedded.csproj", "{7A6AD0BE-98C4-4941-9BC0-14F6C6E2BA06}"
EndProject
Project("{FAE04EC0-301F-11D3-BF4B-00C04F79EFBC}") = "MyFooAssembly", "MyFooAssembly\MyFooAssembly.csproj", "{187BCA1F-E3E7-4594-98F0-1BFCB67657A7}"
EndProject
Global
	GlobalSection(SolutionConfigurationPlatforms) = preSolution
		Debug|Any CPU = Debug|Any CPU
		Release|Any CPU = Release|Any CPU
	EndGlobalSection
	GlobalSection(ProjectConfigurationPlatforms) = postSolution
		{7A6AD0BE-98C4-4941-9BC0-14F6C6E2BA06}.Debug|Any CPU.ActiveCfg = Debug|Any CPU
		{7A6AD0BE-98C4-4941-9BC0-14F6C6E2BA06}.Debug|Any CPU.Build.0 = Debug|Any CPU
		{7A6AD0BE-98C4-4941-9BC0-14F6C6E2BA06}.Release|Any CPU.ActiveCfg = Release|Any CPU
		{7A6AD0BE-98C4-4941-9BC0-14F6C6E2BA06}.Release|Any CPU.Build.0 = Release|Any CPU
		{187BCA1F-E3E7-4594-98F0-1BFCB67657A7}.Debug|Any CPU.ActiveCfg = Debug|Any CPU
		{187BCA1F-E3E7-4594-98F0-1BFCB67657A7}.Debug|Any CPU.Build.0 = Debug|Any CPU
		{187BCA1F-E3E7-4594-98F0-1BFCB67657A7}.Release|Any CPU.ActiveCfg = Release|Any CPU
		{187BCA1F-E3E7-4594-98F0-1BFCB67657A7}.Release|Any CPU.Build.0 = Release|Any CPU
	EndGlobalSection
	GlobalSection(SolutionProperties) = preSolution
		HideSolutionNode = FALSE
	EndGlobalSection
	GlobalSection(ExtensibilityGlobals) = postSolution
		SolutionGuid = {E66903D7-19A3-4EDB-AC53-4ADDABD7DD90}
	EndGlobalSection
EndGlobal
